PODS:
  - Expression (0.12.11)

DEPENDENCIES:
  - Expression (~> 0.12)

SPEC REPOS:
  https://github.com/cocoapods/specs.git:
    - Expression

SPEC CHECKSUMS:
  Expression: e95e5008e48a066c90b40c7962823d252e908440

PODFILE CHECKSUM: 28ef1fc2b1aae7a15124b6622077b0892b1aa90c

COCOAPODS: 1.6.0.beta.1
